ezpkg.io/errorz v0.2.2 h1:eJBlNnbCLmWX/Da0xPXnZXwdFsx6EwvB3Xa4szq0LpM=
ezpkg.io/errorz v0.2.2/go.mod h1:nZNH5607bzKBQZ2BApS2/tgzQRJaTXdXD/JYF7ykGEQ=
ezpkg.io/fmtz v0.2.2 h1:2RQ0XbG61cwv2rBkRYcD24NCB47nDpEyt7SGXWhussU=
ezpkg.io/fmtz v0.2.2/go.mod h1:/KHWuQ19PVib0hL9R5Du+l2DziZQisAvsE9VhAwHGJk=
ezpkg.io/iter.json v0.2.2 h1:PrpuBNoED3ZSUDe1MoUHuWs+fOi9HADZIJyO/oiEDyg=
ezpkg.io/iter.json v0.2.2/go.mod h1:hzc/jJEz4luwKD8QnPc1LkJy8dSnQAvQsTJK2NjF1gM=
ezpkg.io/stacktracez v0.2.2 h1:2GC9lMwLEgMeRSifaIQw9ZGrLR990FjPIQ6PawyMOf0=
ezpkg.io/stacktracez v0.2.2/go.mod h1:9Uv13HjG1witijqAPLw69LuW7iOfw4xfNIUpLXFEyDY=
